
Microsoft Visual Studio Solution File, Format Version 12.00
# Visual Studio Version 16
VisualStudioVersion = 16.0.30709.132
MinimumVisualStudioVersion = 10.0.40219.1
Project("{FAE04EC0-301F-11D3-BF4B-00C04F79EFBC}") = "sayıyı tersten yazdırma", "sayıyı tersten yazdırma\sayıyı tersten yazdırma.csproj", "{EE290796-6992-41AC-A80F-8C31E6B4E2BC}"
EndProject
Global
	GlobalSection(SolutionConfigurationPlatforms) = preSolution
		Debug|Any CPU = Debug|Any CPU
		Release|Any CPU = Release|Any CPU
	EndGlobalSection
	GlobalSection(ProjectConfigurationPlatforms) = postSolution
		{EE290796-6992-41AC-A80F-8C31E6B4E2BC}.Debug|Any CPU.ActiveCfg = Debug|Any CPU
		{EE290796-6992-41AC-A80F-8C31E6B4E2BC}.Debug|Any CPU.Build.0 = Debug|Any CPU
		{EE290796-6992-41AC-A80F-8C31E6B4E2BC}.Release|Any CPU.ActiveCfg = Release|Any CPU
		{EE290796-6992-41AC-A80F-8C31E6B4E2BC}.Release|Any CPU.Build.0 = Release|Any CPU
	EndGlobalSection
	GlobalSection(SolutionProperties) = preSolution
		HideSolutionNode = FALSE
	EndGlobalSection
	GlobalSection(ExtensibilityGlobals) = postSolution
		SolutionGuid = {635ACB93-982F-4305-B0B4-BF4D568120AB}
	EndGlobalSection
EndGlobal
